
Microsoft Visual Studio Solution File, Format Version 12.00
# Visual Studio Version 16
VisualStudioVersion = 16.0.28803.156
MinimumVisualStudioVersion = 10.0.40219.1
Project("{FAE04EC0-301F-11D3-BF4B-00C04F79EFBC}") = "CRUDAPI", "CRUDAPI\CRUDAPI.csproj", "{1AE04046-8C8C-4368-9521-BFE534FC82D3}"
EndProject
Global
	GlobalSection(SolutionConfigurationPlatforms) = preSolution
		Debug|Any CPU = Debug|Any CPU
		Release|Any CPU = Release|Any CPU
	EndGlobalSection
	GlobalSection(ProjectConfigurationPlatforms) = postSolution
		{1AE04046-8C8C-4368-9521-BFE534FC82D3}.Debug|Any CPU.ActiveCfg = Debug|Any CPU
		{1AE04046-8C8C-4368-9521-BFE534FC82D3}.Debug|Any CPU.Build.0 = Debug|Any CPU
		{1AE04046-8C8C-4368-9521-BFE534FC82D3}.Release|Any CPU.ActiveCfg = Release|Any CPU
		{1AE04046-8C8C-4368-9521-BFE534FC82D3}.Release|Any CPU.Build.0 = Release|Any CPU
	EndGlobalSection
	GlobalSection(SolutionProperties) = preSolution
		HideSolutionNode = FALSE
	EndGlobalSection
	GlobalSection(ExtensibilityGlobals) = postSolution
		SolutionGuid = {4CECF3A9-C5FB-49AD-87E4-2B0C1DF63EA5}
	EndGlobalSection
EndGlobal
